{
  "name": "gent_base",
  "version": "1.0.0",
  "lockfileVersion": 1,
  "requires": true,
  "dependencies": {
    "gent_styleguide": {
      "version": "1.0.3",
      "resolved": "https://registry.npmjs.org/gent_styleguide/-/gent_styleguide-1.0.3.tgz",
      "integrity": "sha512-afGfok6PLx5l77em/bSFt5fXD5VKvog+iTH0fhMfR8u42Nj0WJ8DiJUSWE2xUksEJwfQyFxWIwNSpt2NKWj8Ww==",
      "dev": true
    }
  }
}
