{
  "name": "gent_base",
  "version": "2.1.1",
  "lockfileVersion": 1,
  "requires": true,
  "dependencies": {
    "breakpoint-sass": {
      "version": "2.7.1",
      "resolved": "https://registry.npmjs.org/breakpoint-sass/-/breakpoint-sass-2.7.1.tgz",
      "integrity": "sha1-jvbEdE3MJbqD2Wm2yaF+XaopmAo=",
      "dev": true
    },
    "gent_styleguide": {
      "version": "2.2.10",
      "resolved": "https://registry.npmjs.org/gent_styleguide/-/gent_styleguide-2.2.10.tgz",
      "integrity": "sha512-fqOnwBr8Z7AErTItSYwtBKe6RGp3zBydSZHywc0m61CiIVgKCuCD6JI+VQvIgnNw8gP4Z5wTPiKP4t++dvrG5Q==",
      "dev": true,
      "requires": {
        "breakpoint-sass": "2.7.1"
      }
    }
  }
}
