{
  "name": "gent_base",
  "version": "2.1.1",
  "lockfileVersion": 1,
  "requires": true,
  "dependencies": {
    "breakpoint-sass": {
      "version": "2.7.1",
      "resolved": "https://registry.npmjs.org/breakpoint-sass/-/breakpoint-sass-2.7.1.tgz",
      "integrity": "sha1-jvbEdE3MJbqD2Wm2yaF+XaopmAo=",
      "dev": true
    },
    "gent_styleguide": {
      "version": "2.2.4",
      "resolved": "https://registry.npmjs.org/gent_styleguide/-/gent_styleguide-2.2.4.tgz",
      "integrity": "sha512-TFJvjCbACCa1Rbse8dQU4e4wEX2knV1wL/u9kuT5XWpZvU0mMa7oTm8WHb9aFSxPke8Vl8Hm+4j0RjhL7RhG1Q==",
      "dev": true,
      "requires": {
        "breakpoint-sass": "2.7.1"
      }
    }
  }
}
