{
  "name": "gent_base",
  "version": "2.1.1",
  "lockfileVersion": 1,
  "requires": true,
  "dependencies": {
    "breakpoint-sass": {
      "version": "2.7.1",
      "resolved": "https://registry.npmjs.org/breakpoint-sass/-/breakpoint-sass-2.7.1.tgz",
      "integrity": "sha1-jvbEdE3MJbqD2Wm2yaF+XaopmAo=",
      "dev": true
    },
    "gent_styleguide": {
      "version": "2.2.6",
      "resolved": "https://registry.npmjs.org/gent_styleguide/-/gent_styleguide-2.2.6.tgz",
      "integrity": "sha512-43t03BIS56UqQhLKv/J1iorT+XwlUUR5fybwZcPGiCmT7+9EvTiUf6qi3sDNp2pzdMnSwDU/si8mX97KK6NI3Q==",
      "dev": true,
      "requires": {
        "breakpoint-sass": "2.7.1"
      }
    }
  }
}
